
Microsoft Visual Studio Solution File, Format Version 12.00
# Visual Studio Version 16
VisualStudioVersion = 16.0.33529.622
MinimumVisualStudioVersion = 10.0.40219.1
Project("{FAE04EC0-301F-11D3-BF4B-00C04F79EFBC}") = "ConstructorAssignment", "ConstructorAssignment\ConstructorAssignment.csproj", "{9FFBC058-500E-4C99-BB1B-0AFE4F89B6A5}"
EndProject
Global
	GlobalSection(SolutionConfigurationPlatforms) = preSolution
		Debug|Any CPU = Debug|Any CPU
		Release|Any CPU = Release|Any CPU
	EndGlobalSection
	GlobalSection(ProjectConfigurationPlatforms) = postSolution
		{9FFBC058-500E-4C99-BB1B-0AFE4F89B6A5}.Debug|Any CPU.ActiveCfg = Debug|Any CPU
		{9FFBC058-500E-4C99-BB1B-0AFE4F89B6A5}.Debug|Any CPU.Build.0 = Debug|Any CPU
		{9FFBC058-500E-4C99-BB1B-0AFE4F89B6A5}.Release|Any CPU.ActiveCfg = Release|Any CPU
		{9FFBC058-500E-4C99-BB1B-0AFE4F89B6A5}.Release|Any CPU.Build.0 = Release|Any CPU
	EndGlobalSection
	GlobalSection(SolutionProperties) = preSolution
		HideSolutionNode = FALSE
	EndGlobalSection
	GlobalSection(ExtensibilityGlobals) = postSolution
		SolutionGuid = {7D62B34E-D869-4622-9CB9-02A4714E8D3B}
	EndGlobalSection
EndGlobal
