
Microsoft Visual Studio Solution File, Format Version 12.00
# Visual Studio Version 16
VisualStudioVersion = 16.0.33529.622
MinimumVisualStudioVersion = 10.0.40219.1
Project("{FAE04EC0-301F-11D3-BF4B-00C04F79EFBC}") = "ParsingEnums", "ParsingEnums\ParsingEnums.csproj", "{E92A234F-FAE7-4932-83B6-BDE00E46FCCF}"
EndProject
Global
	GlobalSection(SolutionConfigurationPlatforms) = preSolution
		Debug|Any CPU = Debug|Any CPU
		Release|Any CPU = Release|Any CPU
	EndGlobalSection
	GlobalSection(ProjectConfigurationPlatforms) = postSolution
		{E92A234F-FAE7-4932-83B6-BDE00E46FCCF}.Debug|Any CPU.ActiveCfg = Debug|Any CPU
		{E92A234F-FAE7-4932-83B6-BDE00E46FCCF}.Debug|Any CPU.Build.0 = Debug|Any CPU
		{E92A234F-FAE7-4932-83B6-BDE00E46FCCF}.Release|Any CPU.ActiveCfg = Release|Any CPU
		{E92A234F-FAE7-4932-83B6-BDE00E46FCCF}.Release|Any CPU.Build.0 = Release|Any CPU
	EndGlobalSection
	GlobalSection(SolutionProperties) = preSolution
		HideSolutionNode = FALSE
	EndGlobalSection
	GlobalSection(ExtensibilityGlobals) = postSolution
		SolutionGuid = {ACBCFDBC-B24F-430A-B124-5AAB9F104D63}
	EndGlobalSection
EndGlobal
