
Microsoft Visual Studio Solution File, Format Version 12.00
# Visual Studio Version 16
VisualStudioVersion = 16.0.33529.622
MinimumVisualStudioVersion = 10.0.40219.1
Project("{FAE04EC0-301F-11D3-BF4B-00C04F79EFBC}") = "CarInsurance", "CarInsurance\CarInsurance.csproj", "{635FE900-10EC-4BF4-A7E5-4FC2C7238B3A}"
EndProject
Global
	GlobalSection(SolutionConfigurationPlatforms) = preSolution
		Debug|Any CPU = Debug|Any CPU
		Release|Any CPU = Release|Any CPU
	EndGlobalSection
	GlobalSection(ProjectConfigurationPlatforms) = postSolution
		{635FE900-10EC-4BF4-A7E5-4FC2C7238B3A}.Debug|Any CPU.ActiveCfg = Debug|Any CPU
		{635FE900-10EC-4BF4-A7E5-4FC2C7238B3A}.Debug|Any CPU.Build.0 = Debug|Any CPU
		{635FE900-10EC-4BF4-A7E5-4FC2C7238B3A}.Release|Any CPU.ActiveCfg = Release|Any CPU
		{635FE900-10EC-4BF4-A7E5-4FC2C7238B3A}.Release|Any CPU.Build.0 = Release|Any CPU
	EndGlobalSection
	GlobalSection(SolutionProperties) = preSolution
		HideSolutionNode = FALSE
	EndGlobalSection
	GlobalSection(ExtensibilityGlobals) = postSolution
		SolutionGuid = {CABBED02-2594-4979-BEDC-6A9BEAA76F12}
	EndGlobalSection
EndGlobal
