
Microsoft Visual Studio Solution File, Format Version 12.00
# Visual Studio Version 16
VisualStudioVersion = 16.0.33529.622
MinimumVisualStudioVersion = 10.0.40219.1
Project("{FAE04EC0-301F-11D3-BF4B-00C04F79EFBC}") = "StudentData", "StudentData\StudentData.csproj", "{59DA1672-FA2C-4ECC-8BE8-BB0E276F7196}"
EndProject
Global
	GlobalSection(SolutionConfigurationPlatforms) = preSolution
		Debug|Any CPU = Debug|Any CPU
		Release|Any CPU = Release|Any CPU
	EndGlobalSection
	GlobalSection(ProjectConfigurationPlatforms) = postSolution
		{59DA1672-FA2C-4ECC-8BE8-BB0E276F7196}.Debug|Any CPU.ActiveCfg = Debug|Any CPU
		{59DA1672-FA2C-4ECC-8BE8-BB0E276F7196}.Debug|Any CPU.Build.0 = Debug|Any CPU
		{59DA1672-FA2C-4ECC-8BE8-BB0E276F7196}.Release|Any CPU.ActiveCfg = Release|Any CPU
		{59DA1672-FA2C-4ECC-8BE8-BB0E276F7196}.Release|Any CPU.Build.0 = Release|Any CPU
	EndGlobalSection
	GlobalSection(SolutionProperties) = preSolution
		HideSolutionNode = FALSE
	EndGlobalSection
	GlobalSection(ExtensibilityGlobals) = postSolution
		SolutionGuid = {14E6B65A-10B2-47CE-A158-A20E6334069C}
	EndGlobalSection
EndGlobal
