
Microsoft Visual Studio Solution File, Format Version 12.00
# Visual Studio Version 17
VisualStudioVersion = 17.6.33723.286
MinimumVisualStudioVersion = 10.0.40219.1
Project("{FAE04EC0-301F-11D3-BF4B-00C04F79EFBC}") = "InputAssignment01", "InputAssignment01\InputAssignment01.csproj", "{FC6B3529-961F-4515-9C83-50C47C529772}"
EndProject
Global
	GlobalSection(SolutionConfigurationPlatforms) = preSolution
		Debug|Any CPU = Debug|Any CPU
		Release|Any CPU = Release|Any CPU
	EndGlobalSection
	GlobalSection(ProjectConfigurationPlatforms) = postSolution
		{FC6B3529-961F-4515-9C83-50C47C529772}.Debug|Any CPU.ActiveCfg = Debug|Any CPU
		{FC6B3529-961F-4515-9C83-50C47C529772}.Debug|Any CPU.Build.0 = Debug|Any CPU
		{FC6B3529-961F-4515-9C83-50C47C529772}.Release|Any CPU.ActiveCfg = Release|Any CPU
		{FC6B3529-961F-4515-9C83-50C47C529772}.Release|Any CPU.Build.0 = Release|Any CPU
	EndGlobalSection
	GlobalSection(SolutionProperties) = preSolution
		HideSolutionNode = FALSE
	EndGlobalSection
	GlobalSection(ExtensibilityGlobals) = postSolution
		SolutionGuid = {9A4D3244-69E0-4FF9-AB89-8C7DD9681772}
	EndGlobalSection
EndGlobal
