
Microsoft Visual Studio Solution File, Format Version 12.00
# Visual Studio Version 17
VisualStudioVersion = 17.6.33723.286
MinimumVisualStudioVersion = 10.0.40219.1
Project("{FAE04EC0-301F-11D3-BF4B-00C04F79EFBC}") = "CallingMethods", "CallingMethods\CallingMethods.csproj", "{D0FDE5A8-0BD6-4C29-9FEE-D4665B58787F}"
EndProject
Global
	GlobalSection(SolutionConfigurationPlatforms) = preSolution
		Debug|Any CPU = Debug|Any CPU
		Release|Any CPU = Release|Any CPU
	EndGlobalSection
	GlobalSection(ProjectConfigurationPlatforms) = postSolution
		{D0FDE5A8-0BD6-4C29-9FEE-D4665B58787F}.Debug|Any CPU.ActiveCfg = Debug|Any CPU
		{D0FDE5A8-0BD6-4C29-9FEE-D4665B58787F}.Debug|Any CPU.Build.0 = Debug|Any CPU
		{D0FDE5A8-0BD6-4C29-9FEE-D4665B58787F}.Release|Any CPU.ActiveCfg = Release|Any CPU
		{D0FDE5A8-0BD6-4C29-9FEE-D4665B58787F}.Release|Any CPU.Build.0 = Release|Any CPU
	EndGlobalSection
	GlobalSection(SolutionProperties) = preSolution
		HideSolutionNode = FALSE
	EndGlobalSection
	GlobalSection(ExtensibilityGlobals) = postSolution
		SolutionGuid = {07B531AA-BC84-4A0C-9B50-014F8D125B25}
	EndGlobalSection
EndGlobal
