
Microsoft Visual Studio Solution File, Format Version 12.00
# Visual Studio Version 16
VisualStudioVersion = 16.0.33529.622
MinimumVisualStudioVersion = 10.0.40219.1
Project("{FAE04EC0-301F-11D3-BF4B-00C04F79EFBC}") = "PackageExpress", "PackageExpress\PackageExpress.csproj", "{BB3E1A7B-B0D1-488D-8BB1-08CA947A164A}"
EndProject
Global
	GlobalSection(SolutionConfigurationPlatforms) = preSolution
		Debug|Any CPU = Debug|Any CPU
		Release|Any CPU = Release|Any CPU
	EndGlobalSection
	GlobalSection(ProjectConfigurationPlatforms) = postSolution
		{BB3E1A7B-B0D1-488D-8BB1-08CA947A164A}.Debug|Any CPU.ActiveCfg = Debug|Any CPU
		{BB3E1A7B-B0D1-488D-8BB1-08CA947A164A}.Debug|Any CPU.Build.0 = Debug|Any CPU
		{BB3E1A7B-B0D1-488D-8BB1-08CA947A164A}.Release|Any CPU.ActiveCfg = Release|Any CPU
		{BB3E1A7B-B0D1-488D-8BB1-08CA947A164A}.Release|Any CPU.Build.0 = Release|Any CPU
	EndGlobalSection
	GlobalSection(SolutionProperties) = preSolution
		HideSolutionNode = FALSE
	EndGlobalSection
	GlobalSection(ExtensibilityGlobals) = postSolution
		SolutionGuid = {828A5E94-D419-4FE0-87EE-3A9DB8140F1F}
	EndGlobalSection
EndGlobal
