
Microsoft Visual Studio Solution File, Format Version 12.00
# Visual Studio Version 17
VisualStudioVersion = 17.6.33723.286
MinimumVisualStudioVersion = 10.0.40219.1
Project("{FAE04EC0-301F-11D3-BF4B-00C04F79EFBC}") = "OperatorsAssignment", "OperatorsAssignment\OperatorsAssignment.csproj", "{DFADE03B-4F7F-48BD-9023-A6856D4CFBC3}"
EndProject
Global
	GlobalSection(SolutionConfigurationPlatforms) = preSolution
		Debug|Any CPU = Debug|Any CPU
		Release|Any CPU = Release|Any CPU
	EndGlobalSection
	GlobalSection(ProjectConfigurationPlatforms) = postSolution
		{DFADE03B-4F7F-48BD-9023-A6856D4CFBC3}.Debug|Any CPU.ActiveCfg = Debug|Any CPU
		{DFADE03B-4F7F-48BD-9023-A6856D4CFBC3}.Debug|Any CPU.Build.0 = Debug|Any CPU
		{DFADE03B-4F7F-48BD-9023-A6856D4CFBC3}.Release|Any CPU.ActiveCfg = Release|Any CPU
		{DFADE03B-4F7F-48BD-9023-A6856D4CFBC3}.Release|Any CPU.Build.0 = Release|Any CPU
	EndGlobalSection
	GlobalSection(SolutionProperties) = preSolution
		HideSolutionNode = FALSE
	EndGlobalSection
	GlobalSection(ExtensibilityGlobals) = postSolution
		SolutionGuid = {2A2B97AF-EC7B-48F4-AE0D-F41289563650}
	EndGlobalSection
EndGlobal
