
Microsoft Visual Studio Solution File, Format Version 12.00
# Visual Studio Version 17
VisualStudioVersion = 17.6.33723.286
MinimumVisualStudioVersion = 10.0.40219.1
Project("{FAE04EC0-301F-11D3-BF4B-00C04F79EFBC}") = "AbstractClass", "AbstractClass\AbstractClass.csproj", "{BECCF935-0822-4410-BD02-68B8E0542057}"
EndProject
Global
	GlobalSection(SolutionConfigurationPlatforms) = preSolution
		Debug|Any CPU = Debug|Any CPU
		Release|Any CPU = Release|Any CPU
	EndGlobalSection
	GlobalSection(ProjectConfigurationPlatforms) = postSolution
		{BECCF935-0822-4410-BD02-68B8E0542057}.Debug|Any CPU.ActiveCfg = Debug|Any CPU
		{BECCF935-0822-4410-BD02-68B8E0542057}.Debug|Any CPU.Build.0 = Debug|Any CPU
		{BECCF935-0822-4410-BD02-68B8E0542057}.Release|Any CPU.ActiveCfg = Release|Any CPU
		{BECCF935-0822-4410-BD02-68B8E0542057}.Release|Any CPU.Build.0 = Release|Any CPU
	EndGlobalSection
	GlobalSection(SolutionProperties) = preSolution
		HideSolutionNode = FALSE
	EndGlobalSection
	GlobalSection(ExtensibilityGlobals) = postSolution
		SolutionGuid = {6C2669AB-9146-418A-B5C3-92F7DCA2A89B}
	EndGlobalSection
EndGlobal
